
Microsoft Visual Studio Solution File, Format Version 12.00
# Visual Studio Version 16
VisualStudioVersion = 16.0.30621.155
MinimumVisualStudioVersion = 10.0.40219.1
Project("{FAE04EC0-301F-11D3-BF4B-00C04F79EFBC}") = "GroceryAPI", "GroceryAPI\GroceryAPI.csproj", "{B1AEFD28-6C00-4356-B3CE-3A3908904F32}"
EndProject
Global
	GlobalSection(SolutionConfigurationPlatforms) = preSolution
		Debug|Any CPU = Debug|Any CPU
		Release|Any CPU = Release|Any CPU
	EndGlobalSection
	GlobalSection(ProjectConfigurationPlatforms) = postSolution
		{B1AEFD28-6C00-4356-B3CE-3A3908904F32}.Debug|Any CPU.ActiveCfg = Debug|Any CPU
		{B1AEFD28-6C00-4356-B3CE-3A3908904F32}.Debug|Any CPU.Build.0 = Debug|Any CPU
		{B1AEFD28-6C00-4356-B3CE-3A3908904F32}.Release|Any CPU.ActiveCfg = Release|Any CPU
		{B1AEFD28-6C00-4356-B3CE-3A3908904F32}.Release|Any CPU.Build.0 = Release|Any CPU
	EndGlobalSection
	GlobalSection(SolutionProperties) = preSolution
		HideSolutionNode = FALSE
	EndGlobalSection
	GlobalSection(ExtensibilityGlobals) = postSolution
		SolutionGuid = {FFF57322-882C-4F6F-8259-AAFAAA6EA543}
	EndGlobalSection
EndGlobal
